<?xml version="1.0" encoding="utf-8"?>
<Project ToolsVersion="4.0" xmlns="http://schemas.microsoft.com/developer/msbuild/2003">
  <ItemGroup>
    <Filter Include="Source Files">
      <UniqueIdentifier>{4FC737F1-C7A5-4376-A066-2A32D752A2FF}</UniqueIdentifier>
      <Extensions>cpp;c;cc;cxx;c++;cppm;ixx;def;odl;idl;hpj;bat;asm;asmx</Extensions>
    </Filter>
    <Filter Include="Header Files">
      <UniqueIdentifier>{93995380-89BD-4b04-88EB-625FBE52EBFB}</UniqueIdentifier>
      <Extensions>h;hh;hpp;hxx;h++;hm;inl;inc;ipp;xsd</Extensions>
    </Filter>
    <Filter Include="Resource Files">
      <UniqueIdentifier>{67DA6AB6-F800-4c08-8B7A-83BB121AAD01}</UniqueIdentifier>
      <Extensions>rc;ico;cur;bmp;dlg;rc2;rct;bin;rgs;gif;jpg;jpeg;jpe;resx;tiff;tif;png;wav;mfcribbon-ms</Extensions>
    </Filter>
    <Filter Include="Source Files\View">
      <UniqueIdentifier>{693942d3-7bc9-41c1-9e06-2003226f1b6e}</UniqueIdentifier>
    </Filter>
    <Filter Include="Source Files\Version">
      <UniqueIdentifier>{deb9f8aa-5001-46eb-97a5-fec6e69b9185}</UniqueIdentifier>
    </Filter>
    <Filter Include="Source Files\Protocol">
      <UniqueIdentifier>{6f957e56-e637-4a87-be05-b65c193b5306}</UniqueIdentifier>
    </Filter>
    <Filter Include="Source Files\Protocol\Socket">
      <UniqueIdentifier>{f170eb05-f1b9-44ec-ab49-1b59e595b9bc}</UniqueIdentifier>
    </Filter>
    <Filter Include="Source Files\Log">
      <UniqueIdentifier>{e58c6a1c-9f1a-417f-b373-9371430c3ce5}</UniqueIdentifier>
    </Filter>
    <Filter Include="Source Files\Protocol\Control">
      <UniqueIdentifier>{2e59734c-33b7-41dc-b03c-580c31b92a89}</UniqueIdentifier>
    </Filter>
    <Filter Include="Source Files\Protocol\Script">
      <UniqueIdentifier>{54fe3613-de49-4c75-949b-f4a32c1d121d}</UniqueIdentifier>
    </Filter>
    <Filter Include="Source Files\Query">
      <UniqueIdentifier>{f56e0fb8-c696-43ff-8141-7958aa4bedb3}</UniqueIdentifier>
    </Filter>
  </ItemGroup>
  <ItemGroup>
    <ClInclude Include="framework.h">
      <Filter>Header Files</Filter>
    </ClInclude>
    <ClInclude Include="targetver.h">
      <Filter>Header Files</Filter>
    </ClInclude>
    <ClInclude Include="Resource.h">
      <Filter>Header Files</Filter>
    </ClInclude>
    <ClInclude Include="DataServer.h">
      <Filter>Header Files</Filter>
    </ClInclude>
    <ClInclude Include="ServerDisplayer.h">
      <Filter>Source Files\View</Filter>
    </ClInclude>
    <ClInclude Include="pch.h">
      <Filter>Header Files</Filter>
    </ClInclude>
    <ClInclude Include="GetVersion.h">
      <Filter>Source Files\Version</Filter>
    </ClInclude>
    <ClInclude Include="ProtocolCore.h">
      <Filter>Source Files\Protocol</Filter>
    </ClInclude>
    <ClInclude Include="SocketManager.h">
      <Filter>Source Files\Protocol\Socket</Filter>
    </ClInclude>
    <ClInclude Include="Log.h">
      <Filter>Source Files\Log</Filter>
    </ClInclude>
    <ClInclude Include="Util.h">
      <Filter>Header Files</Filter>
    </ClInclude>
    <ClInclude Include="ServerManager.h">
      <Filter>Source Files\Protocol\Socket</Filter>
    </ClInclude>
    <ClInclude Include="Queue.h">
      <Filter>Source Files\Protocol\Control</Filter>
    </ClInclude>
    <ClInclude Include="CriticalSection.h">
      <Filter>Source Files\Protocol\Control</Filter>
    </ClInclude>
    <ClInclude Include="AllowableIpList.h">
      <Filter>Source Files\Protocol\Control</Filter>
    </ClInclude>
    <ClInclude Include="MemScript.h">
      <Filter>Source Files\Protocol\Script</Filter>
    </ClInclude>
    <ClInclude Include="QueryManager.h">
      <Filter>Source Files\Query</Filter>
    </ClInclude>
    <ClInclude Include="BadSyntax.h">
      <Filter>Source Files\Protocol\Script</Filter>
    </ClInclude>
  </ItemGroup>
  <ItemGroup>
    <ClCompile Include="DataServer.cpp">
      <Filter>Source Files</Filter>
    </ClCompile>
    <ClCompile Include="ServerDisplayer.cpp">
      <Filter>Source Files\View</Filter>
    </ClCompile>
    <ClCompile Include="GetVersion.cpp">
      <Filter>Source Files\Version</Filter>
    </ClCompile>
    <ClCompile Include="ProtocolCore.cpp">
      <Filter>Source Files\Protocol</Filter>
    </ClCompile>
    <ClCompile Include="SocketManager.cpp">
      <Filter>Source Files\Protocol\Socket</Filter>
    </ClCompile>
    <ClCompile Include="Log.cpp">
      <Filter>Source Files\Log</Filter>
    </ClCompile>
    <ClCompile Include="Util.cpp">
      <Filter>Source Files</Filter>
    </ClCompile>
    <ClCompile Include="ServerManager.cpp">
      <Filter>Source Files\Protocol\Socket</Filter>
    </ClCompile>
    <ClCompile Include="Queue.cpp">
      <Filter>Source Files\Protocol\Control</Filter>
    </ClCompile>
    <ClCompile Include="CriticalSection.cpp">
      <Filter>Source Files\Protocol\Control</Filter>
    </ClCompile>
    <ClCompile Include="AllowableIpList.cpp">
      <Filter>Source Files\Protocol\Control</Filter>
    </ClCompile>
    <ClCompile Include="MemScript.cpp">
      <Filter>Source Files\Protocol\Script</Filter>
    </ClCompile>
    <ClCompile Include="QueryManager.cpp">
      <Filter>Source Files\Query</Filter>
    </ClCompile>
    <ClCompile Include="BadSyntax.cpp">
      <Filter>Source Files\Protocol\Script</Filter>
    </ClCompile>
  </ItemGroup>
  <ItemGroup>
    <ResourceCompile Include="DataServer.rc">
      <Filter>Resource Files</Filter>
    </ResourceCompile>
  </ItemGroup>
  <ItemGroup>
    <Image Include="small.ico">
      <Filter>Resource Files</Filter>
    </Image>
    <Image Include="DataServer.ico">
      <Filter>Resource Files</Filter>
    </Image>
  </ItemGroup>
</Project>