<?xml version="1.0" encoding="utf-8"?>
<Project ToolsVersion="4.0" xmlns="http://schemas.microsoft.com/developer/msbuild/2003">
  <ItemGroup>
    <Filter Include="Source Files">
      <UniqueIdentifier>{4FC737F1-C7A5-4376-A066-2A32D752A2FF}</UniqueIdentifier>
      <Extensions>cpp;c;cc;cxx;def;odl;idl;hpj;bat;asm;asmx</Extensions>
    </Filter>
    <Filter Include="Header Files">
      <UniqueIdentifier>{93995380-89BD-4b04-88EB-625FBE52EBFB}</UniqueIdentifier>
      <Extensions>h;hh;hpp;hxx;hm;inl;inc;ipp;xsd</Extensions>
    </Filter>
    <Filter Include="Resource Files">
      <UniqueIdentifier>{67DA6AB6-F800-4c08-8B7A-83BB121AAD01}</UniqueIdentifier>
      <Extensions>rc;ico;cur;bmp;dlg;rc2;rct;bin;rgs;gif;jpg;jpeg;jpe;resx;tiff;tif;png;wav;mfcribbon-ms</Extensions>
    </Filter>
    <Filter Include="Source Files\Main">
      <UniqueIdentifier>{d857cdf7-85fb-472f-89cb-059c963df0af}</UniqueIdentifier>
    </Filter>
    <Filter Include="Header Files\Themida">
      <UniqueIdentifier>{5d43a131-348f-4111-b7d8-26368c1c8542}</UniqueIdentifier>
    </Filter>
  </ItemGroup>
  <ItemGroup>
    <ClInclude Include="framework.h">
      <Filter>Header Files</Filter>
    </ClInclude>
    <ClInclude Include="pch.h">
      <Filter>Header Files</Filter>
    </ClInclude>
    <ClInclude Include="GetMuHostEx15.h">
      <Filter>Header Files</Filter>
    </ClInclude>
    <ClInclude Include="targetver.h">
      <Filter>Header Files</Filter>
    </ClInclude>
    <ClInclude Include="Themida\ThemidaSDK.h">
      <Filter>Header Files\Themida</Filter>
    </ClInclude>
    <ClInclude Include="Themida\Via ASM module\SecureEngineMacros.h">
      <Filter>Header Files\Themida</Filter>
    </ClInclude>
    <ClInclude Include="CCRC32.h">
      <Filter>Source Files\Main</Filter>
    </ClInclude>
    <ClInclude Include="MemScript.h">
      <Filter>Source Files\Main</Filter>
    </ClInclude>
    <ClInclude Include="Message.h">
      <Filter>Source Files\Main</Filter>
    </ClInclude>
  </ItemGroup>
  <ItemGroup>
    <ClCompile Include="pch.cpp">
      <Filter>Source Files</Filter>
    </ClCompile>
    <ClCompile Include="GetMuHostEx15.cpp">
      <Filter>Source Files</Filter>
    </ClCompile>
    <ClCompile Include="CCRC32.cpp">
      <Filter>Source Files\Main</Filter>
    </ClCompile>
    <ClCompile Include="MemScript.cpp">
      <Filter>Source Files\Main</Filter>
    </ClCompile>
    <ClCompile Include="Message.cpp">
      <Filter>Source Files\Main</Filter>
    </ClCompile>
  </ItemGroup>
  <ItemGroup>
    <Library Include="Themida\SecureEngineSDK32.lib">
      <Filter>Header Files\Themida</Filter>
    </Library>
  </ItemGroup>
  <ItemGroup>
    <MASM Include="Themida\Via ASM module\SecureEngineMacros.asm">
      <Filter>Header Files\Themida</Filter>
    </MASM>
  </ItemGroup>
</Project>